Microsoft Visual Studio Solution File, Format Version 11.00
# Visual Studio 2008

Project("{8A94D9B1-0A71-CA98-8F6F-D6A7B3FD0A8F}") = "PsychoFrame-Unity", "Assembly-CSharp-firstpass-vs.csproj", "{5543C32B-6AEE-E89D-615B-FC23F126D1CC}"
EndProject
Project("{8A94D9B1-0A71-CA98-8F6F-D6A7B3FD0A8F}") = "PsychoFrame-Unity", "Assembly-CSharp-vs.csproj", "{826E6C20-EBF0-2D2A-1CB9-44FFA5787FF3}"
EndProject
Global
	GlobalSection(SolutionConfigurationPlatforms) = preSolution
		Debug|Any CPU = Debug|Any CPU
		Release|Any CPU = Release|Any CPU
	EndGlobalSection
	GlobalSection(ProjectConfigurationPlatforms) = postSolution
		{5543C32B-6AEE-E89D-615B-FC23F126D1CC}.Debug|Any CPU.ActiveCfg = Debug|Any CPU
		{5543C32B-6AEE-E89D-615B-FC23F126D1CC}.Debug|Any CPU.Build.0 = Debug|Any CPU
		{5543C32B-6AEE-E89D-615B-FC23F126D1CC}.Release|Any CPU.ActiveCfg = Release|Any CPU
		{5543C32B-6AEE-E89D-615B-FC23F126D1CC}.Release|Any CPU.Build.0 = Release|Any CPU
		{826E6C20-EBF0-2D2A-1CB9-44FFA5787FF3}.Debug|Any CPU.ActiveCfg = Debug|Any CPU
		{826E6C20-EBF0-2D2A-1CB9-44FFA5787FF3}.Debug|Any CPU.Build.0 = Debug|Any CPU
		{826E6C20-EBF0-2D2A-1CB9-44FFA5787FF3}.Release|Any CPU.ActiveCfg = Release|Any CPU
		{826E6C20-EBF0-2D2A-1CB9-44FFA5787FF3}.Release|Any CPU.Build.0 = Release|Any CPU
	EndGlobalSection
	GlobalSection(SolutionProperties) = preSolution
		HideSolutionNode = FALSE
	EndGlobalSection
																																																																																															GlobalSection(MonoDevelopProperties) = preSolution
		StartupItem = Assembly-CSharp.csproj
		Policies = $0
		$0.TextStylePolicy = $1
		$1.inheritsSet = null
		$1.scope = text/x-csharp
		$0.CSharpFormattingPolicy = $2
		$2.inheritsSet = Mono
		$2.inheritsScope = text/x-csharp
		$2.scope = text/x-csharp
		$0.TextStylePolicy = $3
		$3.FileWidth = 120
		$3.TabWidth = 4
		$3.IndentWidth = 4
		$3.EolMarker = Unix
		$3.inheritsSet = Mono
		$3.inheritsScope = text/plain
		$3.scope = text/plain
	EndGlobalSection

EndGlobal
